// !$*UTF8*$!
{
	archiveVersion = 1;
	classes = {
	};
	objectVersion = 45;
	objects = {

/* Begin PBXBuildFile section */
		000A78CF0FBA482E00A0F12E /* InfoPlist.strings in Resources */ = {isa = PBXBuildFile; fileRef = 000A78C90FBA482E00A0F12E /* InfoPlist.strings */; };
		000A78D00FBA482E00A0F12E /* MainMenu.xib in Resources */ = {isa = PBXBuildFile; fileRef = 000A78CB0FBA482E00A0F12E /* MainMenu.xib */; };
		000A78D40FBA483E00A0F12E /* main.m in Sources */ = {isa = PBXBuildFile; fileRef = 000A78D20FBA483E00A0F12E /* main.m */; };
		000A79270FBA49C500A0F12E /* DiskImage35.icns in Resources */ = {isa = PBXBuildFile; fileRef = 000A79080FBA49C500A0F12E /* DiskImage35.icns */; };
		000A79280FBA49C500A0F12E /* DiskImage525.icns in Resources */ = {isa = PBXBuildFile; fileRef = 000A79090FBA49C500A0F12E /* DiskImage525.icns */; };
		000A79380FBA49C500A0F12E /* OpenEmulator.icns in Resources */ = {isa = PBXBuildFile; fileRef = 000A79190FBA49C500A0F12E /* OpenEmulator.icns */; };
		000A793E0FBA49C500A0F12E /* TBContinue.png in Resources */ = {isa = PBXBuildFile; fileRef = 000A791F0FBA49C500A0F12E /* TBContinue.png */; };
		000A793F0FBA49C500A0F12E /* TBInspector.png in Resources */ = {isa = PBXBuildFile; fileRef = 000A79200FBA49C500A0F12E /* TBInspector.png */; };
		000A79400FBA49C500A0F12E /* TBPause.png in Resources */ = {isa = PBXBuildFile; fileRef = 000A79210FBA49C500A0F12E /* TBPause.png */; };
		000A79410FBA49C500A0F12E /* TBPower.png in Resources */ = {isa = PBXBuildFile; fileRef = 000A79220FBA49C500A0F12E /* TBPower.png */; };
		000A79420FBA49C500A0F12E /* TBReset.png in Resources */ = {isa = PBXBuildFile; fileRef = 000A79230FBA49C500A0F12E /* TBReset.png */; };
		000A79E10FBA4A8500A0F12E /* OpenEmulatorHelp in Resources */ = {isa = PBXBuildFile; fileRef = 000A79520FBA4A8400A0F12E /* OpenEmulatorHelp */; };
		001F56F90FD1E8E500EA246A /* Sparkle.framework in Frameworks */ = {isa = PBXBuildFile; fileRef = 001F56F80FD1E8E500EA246A /* Sparkle.framework */; };
		001F575D0FD1ED9F00EA246A /* Document.xib in Resources */ = {isa = PBXBuildFile; fileRef = 001F575B0FD1ED9F00EA246A /* Document.xib */; };
		001F57680FD1EF3F00EA246A /* PreferencesController.m in Sources */ = {isa = PBXBuildFile; fileRef = 001F57670FD1EF3F00EA246A /* PreferencesController.m */; };
		0023EC7E0FCF8A8700029974 /* InspectorPanel.xib in Resources */ = {isa = PBXBuildFile; fileRef = 0023EC7C0FCF8A8700029974 /* InspectorPanel.xib */; };
		0023EC870FCF8CC100029974 /* InspectorPanelController.m in Sources */ = {isa = PBXBuildFile; fileRef = 0023EC860FCF8CC100029974 /* InspectorPanelController.m */; };
		00317E160FD31A2D007F2B00 /* Preferences.xib in Resources */ = {isa = PBXBuildFile; fileRef = 00317E140FD31A2D007F2B00 /* Preferences.xib */; };
		00317E2E0FD31CCC007F2B00 /* PaperFeed.xib in Resources */ = {isa = PBXBuildFile; fileRef = 00317E2B0FD31CCC007F2B00 /* PaperFeed.xib */; };
		00317E360FD31CE8007F2B00 /* PaperFeedController.m in Sources */ = {isa = PBXBuildFile; fileRef = 00317E340FD31CE8007F2B00 /* PaperFeedController.m */; };
		00317E390FD31D1A007F2B00 /* AppleGraphicsTablet.png in Resources */ = {isa = PBXBuildFile; fileRef = 00317E380FD31D1A007F2B00 /* AppleGraphicsTablet.png */; };
		00317E780FD32169007F2B00 /* GraphicsTablet.xib in Resources */ = {isa = PBXBuildFile; fileRef = 00317E760FD32169007F2B00 /* GraphicsTablet.xib */; };
		00317E7B0FD3217B007F2B00 /* GraphicsTabletController.m in Sources */ = {isa = PBXBuildFile; fileRef = 00317E7A0FD3217B007F2B00 /* GraphicsTabletController.m */; };
		005486900FDC817900DBCFA8 /* Emulation.icns in Resources */ = {isa = PBXBuildFile; fileRef = 0054868F0FDC817900DBCFA8 /* Emulation.icns */; };
		005486CA0FDC84E500DBCFA8 /* Sparkle.framework in Copy Frameworks */ = {isa = PBXBuildFile; fileRef = 001F56F80FD1E8E500EA246A /* Sparkle.framework */; };
		005487840FDC86AB00DBCFA8 /* rom in Resources */ = {isa = PBXBuildFile; fileRef = 0054874B0FDC86AB00DBCFA8 /* rom */; };
		005C7BBC0FD8ED6F00426DD0 /* Carbon.framework in Frameworks */ = {isa = PBXBuildFile; fileRef = 005C7BBB0FD8ED6F00426DD0 /* Carbon.framework */; };
		0064951E0FD20D6200D04F42 /* Document.m in Sources */ = {isa = PBXBuildFile; fileRef = 0064951C0FD20D6200D04F42 /* Document.m */; };
		006EECAE0FCA5C7B003D2C8D /* Component.cpp in Sources */ = {isa = PBXBuildFile; fileRef = 006EECAD0FCA5C7B003D2C8D /* Component.cpp */; };
		006EEE900FCA781C003D2C8D /* DiskImage.icns in Resources */ = {isa = PBXBuildFile; fileRef = 006EEE8F0FCA781C003D2C8D /* DiskImage.icns */; };
		00C07CC00FD24DC2004E0D3D /* DocumentWindowController.m in Sources */ = {isa = PBXBuildFile; fileRef = 00C07CBD0FD24DC2004E0D3D /* DocumentWindowController.m */; };
		00C07E360FD27CCF004E0D3D /* PRGeneral.png in Resources */ = {isa = PBXBuildFile; fileRef = 00C07E350FD27CCF004E0D3D /* PRGeneral.png */; };
		00C07E940FD28217004E0D3D /* Quartz.framework in Frameworks */ = {isa = PBXBuildFile; fileRef = 00C07E930FD28217004E0D3D /* Quartz.framework */; };
		00F009D50FD5804800C506AD /* IPMountHover.png in Resources */ = {isa = PBXBuildFile; fileRef = 00F009CC0FD5804800C506AD /* IPMountHover.png */; };
		00F009D60FD5804800C506AD /* IPMountOff.png in Resources */ = {isa = PBXBuildFile; fileRef = 00F009CD0FD5804800C506AD /* IPMountOff.png */; };
		00F009D70FD5804800C506AD /* IPMountOn.png in Resources */ = {isa = PBXBuildFile; fileRef = 00F009CE0FD5804800C506AD /* IPMountOn.png */; };
		00F009D80FD5804800C506AD /* IPRevealHover.png in Resources */ = {isa = PBXBuildFile; fileRef = 00F009CF0FD5804800C506AD /* IPRevealHover.png */; };
		00F009D90FD5804800C506AD /* IPRevealOff.png in Resources */ = {isa = PBXBuildFile; fileRef = 00F009D00FD5804800C506AD /* IPRevealOff.png */; };
		00F009DA0FD5804800C506AD /* IPRevealOn.png in Resources */ = {isa = PBXBuildFile; fileRef = 00F009D10FD5804800C506AD /* IPRevealOn.png */; };
		00F009DB0FD5804800C506AD /* IPUnmountHover.png in Resources */ = {isa = PBXBuildFile; fileRef = 00F009D20FD5804800C506AD /* IPUnmountHover.png */; };
		00F009DC0FD5804800C506AD /* IPUnmountOff.png in Resources */ = {isa = PBXBuildFile; fileRef = 00F009D30FD5804800C506AD /* IPUnmountOff.png */; };
		00F009DD0FD5804800C506AD /* IPUnmountOn.png in Resources */ = {isa = PBXBuildFile; fileRef = 00F009D40FD5804800C506AD /* IPUnmountOn.png */; };
		00F00A070FD5838D00C506AD /* IPAudio.png in Resources */ = {isa = PBXBuildFile; fileRef = 00F009F90FD5838D00C506AD /* IPAudio.png */; };
		00F00A080FD5838D00C506AD /* IPAudioSel.png in Resources */ = {isa = PBXBuildFile; fileRef = 00F009FA0FD5838D00C506AD /* IPAudioSel.png */; };
		00F00A090FD5838D00C506AD /* IPAudioSoundMax.png in Resources */ = {isa = PBXBuildFile; fileRef = 00F009FB0FD5838D00C506AD /* IPAudioSoundMax.png */; };
		00F00A0A0FD5838D00C506AD /* IPAudioSoundMin.png in Resources */ = {isa = PBXBuildFile; fileRef = 00F009FC0FD5838D00C506AD /* IPAudioSoundMin.png */; };
		00F00A0B0FD5838D00C506AD /* IPDiskDrives.png in Resources */ = {isa = PBXBuildFile; fileRef = 00F009FD0FD5838D00C506AD /* IPDiskDrives.png */; };
		00F00A0C0FD5838D00C506AD /* IPDiskDrivesSel.png in Resources */ = {isa = PBXBuildFile; fileRef = 00F009FE0FD5838D00C506AD /* IPDiskDrivesSel.png */; };
		00F00A0D0FD5838D00C506AD /* IPEmulation.png in Resources */ = {isa = PBXBuildFile; fileRef = 00F009FF0FD5838D00C506AD /* IPEmulation.png */; };
		00F00A0E0FD5838D00C506AD /* IPEmulationSel.png in Resources */ = {isa = PBXBuildFile; fileRef = 00F00A000FD5838D00C506AD /* IPEmulationSel.png */; };
		00F00A0F0FD5838D00C506AD /* IPExpansions.png in Resources */ = {isa = PBXBuildFile; fileRef = 00F00A010FD5838D00C506AD /* IPExpansions.png */; };
		00F00A100FD5838D00C506AD /* IPExpansionsSel.png in Resources */ = {isa = PBXBuildFile; fileRef = 00F00A020FD5838D00C506AD /* IPExpansionsSel.png */; };
		00F00A110FD5838D00C506AD /* IPPorts.png in Resources */ = {isa = PBXBuildFile; fileRef = 00F00A030FD5838D00C506AD /* IPPorts.png */; };
		00F00A120FD5838D00C506AD /* IPPortsSel.png in Resources */ = {isa = PBXBuildFile; fileRef = 00F00A040FD5838D00C506AD /* IPPortsSel.png */; };
		00F00A130FD5838D00C506AD /* IPVideo.png in Resources */ = {isa = PBXBuildFile; fileRef = 00F00A050FD5838D00C506AD /* IPVideo.png */; };
		00F00A140FD5838D00C506AD /* IPVideoSel.png in Resources */ = {isa = PBXBuildFile; fileRef = 00F00A060FD5838D00C506AD /* IPVideoSel.png */; };
		00F00A170FD5842600C506AD /* Controller.m in Sources */ = {isa = PBXBuildFile; fileRef = 00F00A160FD5842600C506AD /* Controller.m */; };
		8D15AC340486D014006FF6A4 /* Cocoa.framework in Frameworks */ = {isa = PBXBuildFile; fileRef = 1058C7A7FEA54F5311CA2CBB /* Cocoa.framework */; };
/* End PBXBuildFile section */

/* Begin PBXContainerItemProxy section */
		006EECE50FCA6097003D2C8D /* PBXContainerItemProxy */ = {
			isa = PBXContainerItemProxy;
			containerPortal = 2A37F4A9FDCFA73011CA2CEA /* Project object */;
			proxyType = 1;
			remoteGlobalIDString = 006EECA30FCA5C31003D2C8D;
			remoteInfo = emulator;
		};
/* End PBXContainerItemProxy section */

/* Begin PBXCopyFilesBuildPhase section */
		005486C30FDC84A300DBCFA8 /* Copy Frameworks */ = {
			isa = PBXCopyFilesBuildPhase;
			buildActionMask = 2147483647;
			dstPath = "";
			dstSubfolderSpec = 10;
			files = (
				005486CA0FDC84E500DBCFA8 /* Sparkle.framework in Copy Frameworks */,
			);
			name = "Copy Frameworks";
			runOnlyForDeploymentPostprocessing = 0;
		};
/* End PBXCopyFilesBuildPhase section */

/* Begin PBXFileReference section */
		0008FCD80FBA5D72005E876E /* Info.plist */ = {isa = PBXFileReference; fileEncoding = 4; lastKnownFileType = text.plist.xml; name = Info.plist; path = macosx/Info.plist; sourceTree = "<group>"; };
		000A78CA0FBA482E00A0F12E /* English */ = {isa = PBXFileReference; fileEncoding = 4; lastKnownFileType = text.plist.strings; name = English; path = macosx/English.lproj/InfoPlist.strings; sourceTree = "<group>"; };
		000A78CC0FBA482E00A0F12E /* English */ = {isa = PBXFileReference; lastKnownFileType = file.xib; name = English; path = macosx/English.lproj/MainMenu.xib; sourceTree = "<group>"; };
		000A78D20FBA483E00A0F12E /* main.m */ = {isa = PBXFileReference; fileEncoding = 4; lastKnownFileType = sourcecode.c.objc; name = main.m; path = macosx/main.m; sourceTree = "<group>"; };
		000A78D30FBA483E00A0F12E /* OpenEmulator_Prefix.pch */ = {isa = PBXFileReference; fileEncoding = 4; lastKnownFileType = sourcecode.c.h; name = OpenEmulator_Prefix.pch; path = macosx/OpenEmulator_Prefix.pch; sourceTree = "<group>"; };
		000A79080FBA49C500A0F12E /* DiskImage35.icns */ = {isa = PBXFileReference; lastKnownFileType = image.icns; path = DiskImage35.icns; sourceTree = "<group>"; };
		000A79090FBA49C500A0F12E /* DiskImage525.icns */ = {isa = PBXFileReference; lastKnownFileType = image.icns; path = DiskImage525.icns; sourceTree = "<group>"; };
		000A79190FBA49C500A0F12E /* OpenEmulator.icns */ = {isa = PBXFileReference; lastKnownFileType = image.icns; path = OpenEmulator.icns; sourceTree = "<group>"; };
		000A791F0FBA49C500A0F12E /* TBContinue.png */ = {isa = PBXFileReference; lastKnownFileType = image.png; path = TBContinue.png; sourceTree = "<group>"; };
		000A79200FBA49C500A0F12E /* TBInspector.png */ = {isa = PBXFileReference; lastKnownFileType = image.png; path = TBInspector.png; sourceTree = "<group>"; };
		000A79210FBA49C500A0F12E /* TBPause.png */ = {isa = PBXFileReference; lastKnownFileType = image.png; path = TBPause.png; sourceTree = "<group>"; };
		000A79220FBA49C500A0F12E /* TBPower.png */ = {isa = PBXFileReference; lastKnownFileType = image.png; path = TBPower.png; sourceTree = "<group>"; };
		000A79230FBA49C500A0F12E /* TBReset.png */ = {isa = PBXFileReference; lastKnownFileType = image.png; path = TBReset.png; sourceTree = "<group>"; };
		000A79520FBA4A8400A0F12E /* OpenEmulatorHelp */ = {isa = PBXFileReference; lastKnownFileType = folder; name = OpenEmulatorHelp; path = macosx/OpenEmulatorHelp; sourceTree = "<group>"; };
		001F56F80FD1E8E500EA246A /* Sparkle.framework */ = {isa = PBXFileReference; explicitFileType = wrapper.framework; name = Sparkle.framework; path = macosx/Sparkle.framework; sourceTree = "<group>"; };
		001F575C0FD1ED9F00EA246A /* English */ = {isa = PBXFileReference; lastKnownFileType = file.xib; name = English; path = macosx/English.lproj/Document.xib; sourceTree = "<group>"; };
		001F57660FD1EF3F00EA246A /* PreferencesController.h */ = {isa = PBXFileReference; fileEncoding = 4; lastKnownFileType = sourcecode.c.h; name = PreferencesController.h; path = macosx/PreferencesController.h; sourceTree = "<group>"; };
		001F57670FD1EF3F00EA246A /* PreferencesController.m */ = {isa = PBXFileReference; fileEncoding = 4; lastKnownFileType = sourcecode.c.objc; name = PreferencesController.m; path = macosx/PreferencesController.m; sourceTree = "<group>"; };
		0023EC7D0FCF8A8700029974 /* English */ = {isa = PBXFileReference; lastKnownFileType = file.xib; name = English; path = macosx/English.lproj/InspectorPanel.xib; sourceTree = "<group>"; };
		0023EC850FCF8CC100029974 /* InspectorPanelController.h */ = {isa = PBXFileReference; fileEncoding = 4; lastKnownFileType = sourcecode.c.h; name = InspectorPanelController.h; path = macosx/InspectorPanelController.h; sourceTree = "<group>"; };
		0023EC860FCF8CC100029974 /* InspectorPanelController.m */ = {isa = PBXFileReference; fileEncoding = 4; lastKnownFileType = sourcecode.c.objc; name = InspectorPanelController.m; path = macosx/InspectorPanelController.m; sourceTree = "<group>"; };
		00317E150FD31A2D007F2B00 /* English */ = {isa = PBXFileReference; lastKnownFileType = file.xib; name = English; path = macosx/English.lproj/Preferences.xib; sourceTree = "<group>"; };
		00317E2C0FD31CCC007F2B00 /* English */ = {isa = PBXFileReference; lastKnownFileType = file.xib; name = English; path = macosx/English.lproj/PaperFeed.xib; sourceTree = "<group>"; };
		00317E330FD31CE8007F2B00 /* PaperFeedController.h */ = {isa = PBXFileReference; fileEncoding = 4; lastKnownFileType = sourcecode.c.h; name = PaperFeedController.h; path = macosx/PaperFeedController.h; sourceTree = "<group>"; };
		00317E340FD31CE8007F2B00 /* PaperFeedController.m */ = {isa = PBXFileReference; fileEncoding = 4; lastKnownFileType = sourcecode.c.objc; name = PaperFeedController.m; path = macosx/PaperFeedController.m; sourceTree = "<group>"; };
		00317E380FD31D1A007F2B00 /* AppleGraphicsTablet.png */ = {isa = PBXFileReference; lastKnownFileType = image.png; name = AppleGraphicsTablet.png; path = macosx/Images/AppleGraphicsTablet.png; sourceTree = "<group>"; };
		00317E770FD32169007F2B00 /* English */ = {isa = PBXFileReference; lastKnownFileType = file.xib; name = English; path = macosx/English.lproj/GraphicsTablet.xib; sourceTree = "<group>"; };
		00317E790FD3217B007F2B00 /* GraphicsTabletController.h */ = {isa = PBXFileReference; fileEncoding = 4; lastKnownFileType = sourcecode.c.h; name = GraphicsTabletController.h; path = macosx/GraphicsTabletController.h; sourceTree = "<group>"; };
		00317E7A0FD3217B007F2B00 /* GraphicsTabletController.m */ = {isa = PBXFileReference; fileEncoding = 4; lastKnownFileType = sourcecode.c.objc; name = GraphicsTabletController.m; path = macosx/GraphicsTabletController.m; sourceTree = "<group>"; };
		0054868F0FDC817900DBCFA8 /* Emulation.icns */ = {isa = PBXFileReference; lastKnownFileType = image.icns; name = Emulation.icns; path = macosx/Images/Emulation.icns; sourceTree = "<group>"; };
		0054874B0FDC86AB00DBCFA8 /* rom */ = {isa = PBXFileReference; lastKnownFileType = folder; path = rom; sourceTree = "<group>"; };
		005C7BBB0FD8ED6F00426DD0 /* Carbon.framework */ = {isa = PBXFileReference; lastKnownFileType = wrapper.framework; name = Carbon.framework; path = /System/Library/Frameworks/Carbon.framework; sourceTree = "<absolute>"; };
		0064951B0FD20D6200D04F42 /* Document.h */ = {isa = PBXFileReference; fileEncoding = 4; lastKnownFileType = sourcecode.c.h; name = Document.h; path = macosx/Document.h; sourceTree = "<group>"; };
		0064951C0FD20D6200D04F42 /* Document.m */ = {isa = PBXFileReference; fileEncoding = 4; lastKnownFileType = sourcecode.c.objc; name = Document.m; path = macosx/Document.m; sourceTree = "<group>"; };
		006EECA40FCA5C31003D2C8D /* libemulator.a */ = {isa = PBXFileReference; explicitFileType = archive.ar; includeInIndex = 0; path = libemulator.a; sourceTree = BUILT_PRODUCTS_DIR; };
		006EECAC0FCA5C7B003D2C8D /* Component.h */ = {isa = PBXFileReference; fileEncoding = 4; lastKnownFileType = sourcecode.c.h; name = Component.h; path = libemulator/Component.h; sourceTree = "<group>"; };
		006EECAD0FCA5C7B003D2C8D /* Component.cpp */ = {isa = PBXFileReference; fileEncoding = 4; lastKnownFileType = sourcecode.cpp.cpp; name = Component.cpp; path = libemulator/Component.cpp; sourceTree = "<group>"; };
		006EEE8F0FCA781C003D2C8D /* DiskImage.icns */ = {isa = PBXFileReference; lastKnownFileType = image.icns; name = DiskImage.icns; path = macosx/Images/DiskImage.icns; sourceTree = "<group>"; };
		00C07CBC0FD24DC2004E0D3D /* DocumentWindowController.h */ = {isa = PBXFileReference; fileEncoding = 4; lastKnownFileType = sourcecode.c.h; name = DocumentWindowController.h; path = macosx/DocumentWindowController.h; sourceTree = "<group>"; };
		00C07CBD0FD24DC2004E0D3D /* DocumentWindowController.m */ = {isa = PBXFileReference; fileEncoding = 4; lastKnownFileType = sourcecode.c.objc; name = DocumentWindowController.m; path = macosx/DocumentWindowController.m; sourceTree = "<group>"; };
		00C07E350FD27CCF004E0D3D /* PRGeneral.png */ = {isa = PBXFileReference; lastKnownFileType = image.png; name = PRGeneral.png; path = macosx/Images/PRGeneral.png; sourceTree = "<group>"; };
		00C07E930FD28217004E0D3D /* Quartz.framework */ = {isa = PBXFileReference; lastKnownFileType = wrapper.framework; name = Quartz.framework; path = /System/Library/Frameworks/Quartz.framework; sourceTree = "<absolute>"; };
		00F009CC0FD5804800C506AD /* IPMountHover.png */ = {isa = PBXFileReference; lastKnownFileType = image.png; name = IPMountHover.png; path = macosx/Images/IPMountHover.png; sourceTree = "<group>"; };
		00F009CD0FD5804800C506AD /* IPMountOff.png */ = {isa = PBXFileReference; lastKnownFileType = image.png; name = IPMountOff.png; path = macosx/Images/IPMountOff.png; sourceTree = "<group>"; };
		00F009CE0FD5804800C506AD /* IPMountOn.png */ = {isa = PBXFileReference; lastKnownFileType = image.png; name = IPMountOn.png; path = macosx/Images/IPMountOn.png; sourceTree = "<group>"; };
		00F009CF0FD5804800C506AD /* IPRevealHover.png */ = {isa = PBXFileReference; lastKnownFileType = image.png; name = IPRevealHover.png; path = macosx/Images/IPRevealHover.png; sourceTree = "<group>"; };
		00F009D00FD5804800C506AD /* IPRevealOff.png */ = {isa = PBXFileReference; lastKnownFileType = image.png; name = IPRevealOff.png; path = macosx/Images/IPRevealOff.png; sourceTree = "<group>"; };
		00F009D10FD5804800C506AD /* IPRevealOn.png */ = {isa = PBXFileReference; lastKnownFileType = image.png; name = IPRevealOn.png; path = macosx/Images/IPRevealOn.png; sourceTree = "<group>"; };
		00F009D20FD5804800C506AD /* IPUnmountHover.png */ = {isa = PBXFileReference; lastKnownFileType = image.png; name = IPUnmountHover.png; path = macosx/Images/IPUnmountHover.png; sourceTree = "<group>"; };
		00F009D30FD5804800C506AD /* IPUnmountOff.png */ = {isa = PBXFileReference; lastKnownFileType = image.png; name = IPUnmountOff.png; path = macosx/Images/IPUnmountOff.png; sourceTree = "<group>"; };
		00F009D40FD5804800C506AD /* IPUnmountOn.png */ = {isa = PBXFileReference; lastKnownFileType = image.png; name = IPUnmountOn.png; path = macosx/Images/IPUnmountOn.png; sourceTree = "<group>"; };
		00F009F90FD5838D00C506AD /* IPAudio.png */ = {isa = PBXFileReference; lastKnownFileType = image.png; name = IPAudio.png; path = macosx/Images/IPAudio.png; sourceTree = "<group>"; };
		00F009FA0FD5838D00C506AD /* IPAudioSel.png */ = {isa = PBXFileReference; lastKnownFileType = image.png; name = IPAudioSel.png; path = macosx/Images/IPAudioSel.png; sourceTree = "<group>"; };
		00F009FB0FD5838D00C506AD /* IPAudioSoundMax.png */ = {isa = PBXFileReference; lastKnownFileType = image.png; name = IPAudioSoundMax.png; path = macosx/Images/IPAudioSoundMax.png; sourceTree = "<group>"; };
		00F009FC0FD5838D00C506AD /* IPAudioSoundMin.png */ = {isa = PBXFileReference; lastKnownFileType = image.png; name = IPAudioSoundMin.png; path = macosx/Images/IPAudioSoundMin.png; sourceTree = "<group>"; };
		00F009FD0FD5838D00C506AD /* IPDiskDrives.png */ = {isa = PBXFileReference; lastKnownFileType = image.png; name = IPDiskDrives.png; path = macosx/Images/IPDiskDrives.png; sourceTree = "<group>"; };
		00F009FE0FD5838D00C506AD /* IPDiskDrivesSel.png */ = {isa = PBXFileReference; lastKnownFileType = image.png; name = IPDiskDrivesSel.png; path = macosx/Images/IPDiskDrivesSel.png; sourceTree = "<group>"; };
		00F009FF0FD5838D00C506AD /* IPEmulation.png */ = {isa = PBXFileReference; lastKnownFileType = image.png; name = IPEmulation.png; path = macosx/Images/IPEmulation.png; sourceTree = "<group>"; };
		00F00A000FD5838D00C506AD /* IPEmulationSel.png */ = {isa = PBXFileReference; lastKnownFileType = image.png; name = IPEmulationSel.png; path = macosx/Images/IPEmulationSel.png; sourceTree = "<group>"; };
		00F00A010FD5838D00C506AD /* IPExpansions.png */ = {isa = PBXFileReference; lastKnownFileType = image.png; name = IPExpansions.png; path = macosx/Images/IPExpansions.png; sourceTree = "<group>"; };
		00F00A020FD5838D00C506AD /* IPExpansionsSel.png */ = {isa = PBXFileReference; lastKnownFileType = image.png; name = IPExpansionsSel.png; path = macosx/Images/IPExpansionsSel.png; sourceTree = "<group>"; };
		00F00A030FD5838D00C506AD /* IPPorts.png */ = {isa = PBXFileReference; lastKnownFileType = image.png; name = IPPorts.png; path = macosx/Images/IPPorts.png; sourceTree = "<group>"; };
		00F00A040FD5838D00C506AD /* IPPortsSel.png */ = {isa = PBXFileReference; lastKnownFileType = image.png; name = IPPortsSel.png; path = macosx/Images/IPPortsSel.png; sourceTree = "<group>"; };
		00F00A050FD5838D00C506AD /* IPVideo.png */ = {isa = PBXFileReference; lastKnownFileType = image.png; name = IPVideo.png; path = macosx/Images/IPVideo.png; sourceTree = "<group>"; };
		00F00A060FD5838D00C506AD /* IPVideoSel.png */ = {isa = PBXFileReference; lastKnownFileType = image.png; name = IPVideoSel.png; path = macosx/Images/IPVideoSel.png; sourceTree = "<group>"; };
		00F00A150FD5842600C506AD /* Controller.h */ = {isa = PBXFileReference; fileEncoding = 4; lastKnownFileType = sourcecode.c.h; name = Controller.h; path = macosx/Controller.h; sourceTree = "<group>"; };
		00F00A160FD5842600C506AD /* Controller.m */ = {isa = PBXFileReference; fileEncoding = 4; lastKnownFileType = sourcecode.c.objc; name = Controller.m; path = macosx/Controller.m; sourceTree = "<group>"; };
		1058C7A7FEA54F5311CA2CBB /* Cocoa.framework */ = {isa = PBXFileReference; lastKnownFileType = wrapper.framework; name = Cocoa.framework; path = /System/Library/Frameworks/Cocoa.framework; sourceTree = "<absolute>"; };
		8D15AC370486D014006FF6A4 /* OpenEmulator.app */ = {isa = PBXFileReference; explicitFileType = wrapper.application; includeInIndex = 0; path = OpenEmulator.app; sourceTree = BUILT_PRODUCTS_DIR; };
/* End PBXFileReference section */

/* Begin PBXFrameworksBuildPhase section */
		006EECA20FCA5C31003D2C8D /* Frameworks */ = {
			isa = PBXFrameworksBuildPhase;
			buildActionMask = 2147483647;
			files = (
			);
			runOnlyForDeploymentPostprocessing = 0;
		};
		8D15AC330486D014006FF6A4 /* Frameworks */ = {
			isa = PBXFrameworksBuildPhase;
			buildActionMask = 2147483647;
			files = (
				8D15AC340486D014006FF6A4 /* Cocoa.framework in Frameworks */,
				001F56F90FD1E8E500EA246A /* Sparkle.framework in Frameworks */,
				00C07E940FD28217004E0D3D /* Quartz.framework in Frameworks */,
				005C7BBC0FD8ED6F00426DD0 /* Carbon.framework in Frameworks */,
			);
			runOnlyForDeploymentPostprocessing = 0;
		};
/* End PBXFrameworksBuildPhase section */

/* Begin PBXGroup section */
		000A78A50FBA464600A0F12E /* GUI */ = {
			isa = PBXGroup;
			children = (
				2A37F4ABFDCFA73011CA2CEA /* Sources */,
				2A37F4B8FDCFA73011CA2CEA /* Resources */,
				2A37F4C3FDCFA73011CA2CEA /* Frameworks */,
			);
			name = GUI;
			sourceTree = "<group>";
		};
		000A79070FBA49C500A0F12E /* Images */ = {
			isa = PBXGroup;
			children = (
				000A79080FBA49C500A0F12E /* DiskImage35.icns */,
				000A79090FBA49C500A0F12E /* DiskImage525.icns */,
				000A79190FBA49C500A0F12E /* OpenEmulator.icns */,
				000A791F0FBA49C500A0F12E /* TBContinue.png */,
				000A79200FBA49C500A0F12E /* TBInspector.png */,
				000A79210FBA49C500A0F12E /* TBPause.png */,
				000A79220FBA49C500A0F12E /* TBPower.png */,
				000A79230FBA49C500A0F12E /* TBReset.png */,
			);
			name = Images;
			path = macosx/Images;
			sourceTree = "<group>";
		};
		005486C40FDC84B200DBCFA8 /* Other Frameworks */ = {
			isa = PBXGroup;
			children = (
				001F56F80FD1E8E500EA246A /* Sparkle.framework */,
			);
			name = "Other Frameworks";
			sourceTree = "<group>";
		};
		006EEC9A0FCA5BEA003D2C8D /* libemulator */ = {
			isa = PBXGroup;
			children = (
				006EECAC0FCA5C7B003D2C8D /* Component.h */,
				006EECAD0FCA5C7B003D2C8D /* Component.cpp */,
			);
			name = libemulator;
			sourceTree = "<group>";
		};
		1058C7A6FEA54F5311CA2CBB /* Linked Frameworks */ = {
			isa = PBXGroup;
			children = (
				005C7BBB0FD8ED6F00426DD0 /* Carbon.framework */,
				00C07E930FD28217004E0D3D /* Quartz.framework */,
				1058C7A7FEA54F5311CA2CBB /* Cocoa.framework */,
			);
			name = "Linked Frameworks";
			sourceTree = "<group>";
		};
		19C28FB0FE9D524F11CA2CBB /* Products */ = {
			isa = PBXGroup;
			children = (
				8D15AC370486D014006FF6A4 /* OpenEmulator.app */,
				006EECA40FCA5C31003D2C8D /* libemulator.a */,
			);
			name = Products;
			sourceTree = "<group>";
		};
		2A37F4AAFDCFA73011CA2CEA /* OpenEmulator */ = {
			isa = PBXGroup;
			children = (
				000A78A50FBA464600A0F12E /* GUI */,
				006EEC9A0FCA5BEA003D2C8D /* libemulator */,
				19C28FB0FE9D524F11CA2CBB /* Products */,
			);
			name = OpenEmulator;
			sourceTree = "<group>";
		};
		2A37F4ABFDCFA73011CA2CEA /* Sources */ = {
			isa = PBXGroup;
			children = (
				00F00A150FD5842600C506AD /* Controller.h */,
				00F00A160FD5842600C506AD /* Controller.m */,
				00317E790FD3217B007F2B00 /* GraphicsTabletController.h */,
				00317E7A0FD3217B007F2B00 /* GraphicsTabletController.m */,
				00317E330FD31CE8007F2B00 /* PaperFeedController.h */,
				00317E340FD31CE8007F2B00 /* PaperFeedController.m */,
				00C07CBC0FD24DC2004E0D3D /* DocumentWindowController.h */,
				00C07CBD0FD24DC2004E0D3D /* DocumentWindowController.m */,
				0064951B0FD20D6200D04F42 /* Document.h */,
				0064951C0FD20D6200D04F42 /* Document.m */,
				001F57660FD1EF3F00EA246A /* PreferencesController.h */,
				001F57670FD1EF3F00EA246A /* PreferencesController.m */,
				000A78D20FBA483E00A0F12E /* main.m */,
				000A78D30FBA483E00A0F12E /* OpenEmulator_Prefix.pch */,
				0023EC850FCF8CC100029974 /* InspectorPanelController.h */,
				0023EC860FCF8CC100029974 /* InspectorPanelController.m */,
			);
			name = Sources;
			sourceTree = "<group>";
		};
		2A37F4B8FDCFA73011CA2CEA /* Resources */ = {
			isa = PBXGroup;
			children = (
				0054874B0FDC86AB00DBCFA8 /* rom */,
				0008FCD80FBA5D72005E876E /* Info.plist */,
				0054868F0FDC817900DBCFA8 /* Emulation.icns */,
				00F009F90FD5838D00C506AD /* IPAudio.png */,
				00F009FA0FD5838D00C506AD /* IPAudioSel.png */,
				00F009FB0FD5838D00C506AD /* IPAudioSoundMax.png */,
				00F009FC0FD5838D00C506AD /* IPAudioSoundMin.png */,
				00F009FD0FD5838D00C506AD /* IPDiskDrives.png */,
				00F009FE0FD5838D00C506AD /* IPDiskDrivesSel.png */,
				00F009FF0FD5838D00C506AD /* IPEmulation.png */,
				00F00A000FD5838D00C506AD /* IPEmulationSel.png */,
				00F00A010FD5838D00C506AD /* IPExpansions.png */,
				00F00A020FD5838D00C506AD /* IPExpansionsSel.png */,
				00F00A030FD5838D00C506AD /* IPPorts.png */,
				00F00A040FD5838D00C506AD /* IPPortsSel.png */,
				00F00A050FD5838D00C506AD /* IPVideo.png */,
				00F00A060FD5838D00C506AD /* IPVideoSel.png */,
				00F009CC0FD5804800C506AD /* IPMountHover.png */,
				00F009CD0FD5804800C506AD /* IPMountOff.png */,
				00F009CE0FD5804800C506AD /* IPMountOn.png */,
				00F009CF0FD5804800C506AD /* IPRevealHover.png */,
				00F009D00FD5804800C506AD /* IPRevealOff.png */,
				00F009D10FD5804800C506AD /* IPRevealOn.png */,
				00F009D20FD5804800C506AD /* IPUnmountHover.png */,
				00F009D30FD5804800C506AD /* IPUnmountOff.png */,
				00F009D40FD5804800C506AD /* IPUnmountOn.png */,
				00317E760FD32169007F2B00 /* GraphicsTablet.xib */,
				00317E380FD31D1A007F2B00 /* AppleGraphicsTablet.png */,
				00317E2B0FD31CCC007F2B00 /* PaperFeed.xib */,
				00317E140FD31A2D007F2B00 /* Preferences.xib */,
				00C07E350FD27CCF004E0D3D /* PRGeneral.png */,
				001F575B0FD1ED9F00EA246A /* Document.xib */,
				0023EC7C0FCF8A8700029974 /* InspectorPanel.xib */,
				006EEE8F0FCA781C003D2C8D /* DiskImage.icns */,
				000A79520FBA4A8400A0F12E /* OpenEmulatorHelp */,
				000A79070FBA49C500A0F12E /* Images */,
				000A78C90FBA482E00A0F12E /* InfoPlist.strings */,
				000A78CB0FBA482E00A0F12E /* MainMenu.xib */,
			);
			name = Resources;
			sourceTree = "<group>";
		};
		2A37F4C3FDCFA73011CA2CEA /* Frameworks */ = {
			isa = PBXGroup;
			children = (
				005486C40FDC84B200DBCFA8 /* Other Frameworks */,
				1058C7A6FEA54F5311CA2CBB /* Linked Frameworks */,
			);
			name = Frameworks;
			sourceTree = "<group>";
		};
/* End PBXGroup section */

/* Begin PBXHeadersBuildPhase section */
		006EECA00FCA5C31003D2C8D /* Headers */ = {
			isa = PBXHeadersBuildPhase;
			buildActionMask = 2147483647;
			files = (
			);
			runOnlyForDeploymentPostprocessing = 0;
		};
/* End PBXHeadersBuildPhase section */

/* Begin PBXNativeTarget section */
		006EECA30FCA5C31003D2C8D /* emulator */ = {
			isa = PBXNativeTarget;
			buildConfigurationList = 006EECAB0FCA5C4F003D2C8D /* Build configuration list for PBXNativeTarget "emulator" */;
			buildPhases = (
				006EECA00FCA5C31003D2C8D /* Headers */,
				006EECA10FCA5C31003D2C8D /* Sources */,
				006EECA20FCA5C31003D2C8D /* Frameworks */,
			);
			buildRules = (
			);
			dependencies = (
			);
			name = emulator;
			productName = emulator;
			productReference = 006EECA40FCA5C31003D2C8D /* libemulator.a */;
			productType = "com.apple.product-type.library.static";
		};
		8D15AC270486D014006FF6A4 /* OpenEmulator */ = {
			isa = PBXNativeTarget;
			buildConfigurationList = C05733C708A9546B00998B17 /* Build configuration list for PBXNativeTarget "OpenEmulator" */;
			buildPhases = (
				8D15AC2B0486D014006FF6A4 /* Resources */,
				8D15AC300486D014006FF6A4 /* Sources */,
				8D15AC330486D014006FF6A4 /* Frameworks */,
				005486C30FDC84A300DBCFA8 /* Copy Frameworks */,
			);
			buildRules = (
			);
			dependencies = (
				006EECE60FCA6097003D2C8D /* PBXTargetDependency */,
			);
			name = OpenEmulator;
			productInstallPath = "$(HOME)/Applications";
			productName = OpenEmulator;
			productReference = 8D15AC370486D014006FF6A4 /* OpenEmulator.app */;
			productType = "com.apple.product-type.application";
		};
/* End PBXNativeTarget section */

/* Begin PBXProject section */
		2A37F4A9FDCFA73011CA2CEA /* Project object */ = {
			isa = PBXProject;
			buildConfigurationList = C05733CB08A9546B00998B17 /* Build configuration list for PBXProject "OpenEmulator" */;
			compatibilityVersion = "Xcode 3.1";
			hasScannedForEncodings = 1;
			mainGroup = 2A37F4AAFDCFA73011CA2CEA /* OpenEmulator */;
			projectDirPath = "";
			projectRoot = "";
			targets = (
				8D15AC270486D014006FF6A4 /* OpenEmulator */,
				006EECA30FCA5C31003D2C8D /* emulator */,
			);
		};
/* End PBXProject section */

/* Begin PBXResourcesBuildPhase section */
		8D15AC2B0486D014006FF6A4 /* Resources */ = {
			isa = PBXResourcesBuildPhase;
			buildActionMask = 2147483647;
			files = (
				000A78CF0FBA482E00A0F12E /* InfoPlist.strings in Resources */,
				000A78D00FBA482E00A0F12E /* MainMenu.xib in Resources */,
				000A79270FBA49C500A0F12E /* DiskImage35.icns in Resources */,
				000A79280FBA49C500A0F12E /* DiskImage525.icns in Resources */,
				000A79380FBA49C500A0F12E /* OpenEmulator.icns in Resources */,
				000A793E0FBA49C500A0F12E /* TBContinue.png in Resources */,
				000A793F0FBA49C500A0F12E /* TBInspector.png in Resources */,
				000A79400FBA49C500A0F12E /* TBPause.png in Resources */,
				000A79410FBA49C500A0F12E /* TBPower.png in Resources */,
				000A79420FBA49C500A0F12E /* TBReset.png in Resources */,
				000A79E10FBA4A8500A0F12E /* OpenEmulatorHelp in Resources */,
				006EEE900FCA781C003D2C8D /* DiskImage.icns in Resources */,
				0023EC7E0FCF8A8700029974 /* InspectorPanel.xib in Resources */,
				001F575D0FD1ED9F00EA246A /* Document.xib in Resources */,
				00C07E360FD27CCF004E0D3D /* PRGeneral.png in Resources */,
				00317E160FD31A2D007F2B00 /* Preferences.xib in Resources */,
				00317E2E0FD31CCC007F2B00 /* PaperFeed.xib in Resources */,
				00317E390FD31D1A007F2B00 /* AppleGraphicsTablet.png in Resources */,
				00317E780FD32169007F2B00 /* GraphicsTablet.xib in Resources */,
				00F009D50FD5804800C506AD /* IPMountHover.png in Resources */,
				00F009D60FD5804800C506AD /* IPMountOff.png in Resources */,
				00F009D70FD5804800C506AD /* IPMountOn.png in Resources */,
				00F009D80FD5804800C506AD /* IPRevealHover.png in Resources */,
				00F009D90FD5804800C506AD /* IPRevealOff.png in Resources */,
				00F009DA0FD5804800C506AD /* IPRevealOn.png in Resources */,
				00F009DB0FD5804800C506AD /* IPUnmountHover.png in Resources */,
				00F009DC0FD5804800C506AD /* IPUnmountOff.png in Resources */,
				00F009DD0FD5804800C506AD /* IPUnmountOn.png in Resources */,
				00F00A070FD5838D00C506AD /* IPAudio.png in Resources */,
				00F00A080FD5838D00C506AD /* IPAudioSel.png in Resources */,
				00F00A090FD5838D00C506AD /* IPAudioSoundMax.png in Resources */,
				00F00A0A0FD5838D00C506AD /* IPAudioSoundMin.png in Resources */,
				00F00A0B0FD5838D00C506AD /* IPDiskDrives.png in Resources */,
				00F00A0C0FD5838D00C506AD /* IPDiskDrivesSel.png in Resources */,
				00F00A0D0FD5838D00C506AD /* IPEmulation.png in Resources */,
				00F00A0E0FD5838D00C506AD /* IPEmulationSel.png in Resources */,
				00F00A0F0FD5838D00C506AD /* IPExpansions.png in Resources */,
				00F00A100FD5838D00C506AD /* IPExpansionsSel.png in Resources */,
				00F00A110FD5838D00C506AD /* IPPorts.png in Resources */,
				00F00A120FD5838D00C506AD /* IPPortsSel.png in Resources */,
				00F00A130FD5838D00C506AD /* IPVideo.png in Resources */,
				00F00A140FD5838D00C506AD /* IPVideoSel.png in Resources */,
				005486900FDC817900DBCFA8 /* Emulation.icns in Resources */,
				005487840FDC86AB00DBCFA8 /* rom in Resources */,
			);
			runOnlyForDeploymentPostprocessing = 0;
		};
/* End PBXResourcesBuildPhase section */

/* Begin PBXSourcesBuildPhase section */
		006EECA10FCA5C31003D2C8D /* Sources */ = {
			isa = PBXSourcesBuildPhase;
			buildActionMask = 2147483647;
			files = (
			);
			runOnlyForDeploymentPostprocessing = 0;
		};
		8D15AC300486D014006FF6A4 /* Sources */ = {
			isa = PBXSourcesBuildPhase;
			buildActionMask = 2147483647;
			files = (
				000A78D40FBA483E00A0F12E /* main.m in Sources */,
				006EECAE0FCA5C7B003D2C8D /* Component.cpp in Sources */,
				0023EC870FCF8CC100029974 /* InspectorPanelController.m in Sources */,
				001F57680FD1EF3F00EA246A /* PreferencesController.m in Sources */,
				0064951E0FD20D6200D04F42 /* Document.m in Sources */,
				00C07CC00FD24DC2004E0D3D /* DocumentWindowController.m in Sources */,
				00317E360FD31CE8007F2B00 /* PaperFeedController.m in Sources */,
				00317E7B0FD3217B007F2B00 /* GraphicsTabletController.m in Sources */,
				00F00A170FD5842600C506AD /* Controller.m in Sources */,
			);
			runOnlyForDeploymentPostprocessing = 0;
		};
/* End PBXSourcesBuildPhase section */

/* Begin PBXTargetDependency section */
		006EECE60FCA6097003D2C8D /* PBXTargetDependency */ = {
			isa = PBXTargetDependency;
			target = 006EECA30FCA5C31003D2C8D /* emulator */;
			targetProxy = 006EECE50FCA6097003D2C8D /* PBXContainerItemProxy */;
		};
/* End PBXTargetDependency section */

/* Begin PBXVariantGroup section */
		000A78C90FBA482E00A0F12E /* InfoPlist.strings */ = {
			isa = PBXVariantGroup;
			children = (
				000A78CA0FBA482E00A0F12E /* English */,
			);
			name = InfoPlist.strings;
			sourceTree = "<group>";
		};
		000A78CB0FBA482E00A0F12E /* MainMenu.xib */ = {
			isa = PBXVariantGroup;
			children = (
				000A78CC0FBA482E00A0F12E /* English */,
			);
			name = MainMenu.xib;
			sourceTree = "<group>";
		};
		001F575B0FD1ED9F00EA246A /* Document.xib */ = {
			isa = PBXVariantGroup;
			children = (
				001F575C0FD1ED9F00EA246A /* English */,
			);
			name = Document.xib;
			sourceTree = "<group>";
		};
		0023EC7C0FCF8A8700029974 /* InspectorPanel.xib */ = {
			isa = PBXVariantGroup;
			children = (
				0023EC7D0FCF8A8700029974 /* English */,
			);
			name = InspectorPanel.xib;
			sourceTree = "<group>";
		};
		00317E140FD31A2D007F2B00 /* Preferences.xib */ = {
			isa = PBXVariantGroup;
			children = (
				00317E150FD31A2D007F2B00 /* English */,
			);
			name = Preferences.xib;
			sourceTree = "<group>";
		};
		00317E2B0FD31CCC007F2B00 /* PaperFeed.xib */ = {
			isa = PBXVariantGroup;
			children = (
				00317E2C0FD31CCC007F2B00 /* English */,
			);
			name = PaperFeed.xib;
			sourceTree = "<group>";
		};
		00317E760FD32169007F2B00 /* GraphicsTablet.xib */ = {
			isa = PBXVariantGroup;
			children = (
				00317E770FD32169007F2B00 /* English */,
			);
			name = GraphicsTablet.xib;
			sourceTree = "<group>";
		};
/* End PBXVariantGroup section */

/* Begin XCBuildConfiguration section */
		006EECA50FCA5C32003D2C8D /* Debug */ = {
			isa = XCBuildConfiguration;
			buildSettings = {
				ALWAYS_SEARCH_USER_PATHS = NO;
				COPY_PHASE_STRIP = NO;
				GCC_DYNAMIC_NO_PIC = NO;
				GCC_ENABLE_FIX_AND_CONTINUE = YES;
				GCC_MODEL_TUNING = G5;
				GCC_OPTIMIZATION_LEVEL = 0;
				INSTALL_PATH = /usr/local/lib;
				PREBINDING = NO;
				PRODUCT_NAME = emulator;
			};
			name = Debug;
		};
		006EECA60FCA5C32003D2C8D /* Release */ = {
			isa = XCBuildConfiguration;
			buildSettings = {
				ALWAYS_SEARCH_USER_PATHS = NO;
				COPY_PHASE_STRIP = YES;
				DEBUG_INFORMATION_FORMAT = "dwarf-with-dsym";
				GCC_ENABLE_FIX_AND_CONTINUE = NO;
				GCC_MODEL_TUNING = G5;
				INSTALL_PATH = /usr/local/lib;
				PREBINDING = NO;
				PRODUCT_NAME = emulator;
				ZERO_LINK = NO;
			};
			name = Release;
		};
		C05733C808A9546B00998B17 /* Debug */ = {
			isa = XCBuildConfiguration;
			buildSettings = {
				ALWAYS_SEARCH_USER_PATHS = NO;
				COPY_PHASE_STRIP = NO;
				FRAMEWORK_SEARCH_PATHS = (
					"$(inherited)",
					"\"$(SRCROOT)/macosx\"",
				);
				GCC_DYNAMIC_NO_PIC = NO;
				GCC_ENABLE_FIX_AND_CONTINUE = YES;
				GCC_MODEL_TUNING = G5;
				GCC_OPTIMIZATION_LEVEL = 0;
				GCC_PRECOMPILE_PREFIX_HEADER = YES;
				GCC_PREFIX_HEADER = macosx/OpenEmulator_Prefix.pch;
				INFOPLIST_FILE = macosx/Info.plist;
				INSTALL_PATH = "$(HOME)/Applications";
				PRODUCT_NAME = OpenEmulator;
			};
			name = Debug;
		};
		C05733C908A9546B00998B17 /* Release */ = {
			isa = XCBuildConfiguration;
			buildSettings = {
				ALWAYS_SEARCH_USER_PATHS = NO;
				DEBUG_INFORMATION_FORMAT = "dwarf-with-dsym";
				FRAMEWORK_SEARCH_PATHS = (
					"$(inherited)",
					"\"$(SRCROOT)/macosx\"",
				);
				GCC_MODEL_TUNING = G5;
				GCC_PRECOMPILE_PREFIX_HEADER = YES;
				GCC_PREFIX_HEADER = macosx/OpenEmulator_Prefix.pch;
				INFOPLIST_FILE = macosx/Info.plist;
				INSTALL_PATH = "$(HOME)/Applications";
				PRODUCT_NAME = OpenEmulator;
			};
			name = Release;
		};
		C05733CC08A9546B00998B17 /* Debug */ = {
			isa = XCBuildConfiguration;
			buildSettings = {
				ARCHS = "$(ARCHS_STANDARD_32_BIT)";
				GCC_C_LANGUAGE_STANDARD = c99;
				GCC_OPTIMIZATION_LEVEL = 0;
				GCC_WARN_ABOUT_RETURN_TYPE = YES;
				GCC_WARN_UNUSED_VARIABLE = YES;
				ONLY_ACTIVE_ARCH = YES;
				PREBINDING = NO;
				SDKROOT = macosx10.5;
			};
			name = Debug;
		};
		C05733CD08A9546B00998B17 /* Release */ = {
			isa = XCBuildConfiguration;
			buildSettings = {
				ARCHS = "$(ARCHS_STANDARD_32_BIT)";
				GCC_C_LANGUAGE_STANDARD = c99;
				GCC_WARN_ABOUT_RETURN_TYPE = YES;
				GCC_WARN_UNUSED_VARIABLE = YES;
				PREBINDING = NO;
				SDKROOT = macosx10.5;
			};
			name = Release;
		};
/* End XCBuildConfiguration section */

/* Begin XCConfigurationList section */
		006EECAB0FCA5C4F003D2C8D /* Build configuration list for PBXNativeTarget "emulator" */ = {
			isa = XCConfigurationList;
			buildConfigurations = (
				006EECA50FCA5C32003D2C8D /* Debug */,
				006EECA60FCA5C32003D2C8D /* Release */,
			);
			defaultConfigurationIsVisible = 0;
			defaultConfigurationName = Release;
		};
		C05733C708A9546B00998B17 /* Build configuration list for PBXNativeTarget "OpenEmulator" */ = {
			isa = XCConfigurationList;
			buildConfigurations = (
				C05733C808A9546B00998B17 /* Debug */,
				C05733C908A9546B00998B17 /* Release */,
			);
			defaultConfigurationIsVisible = 0;
			defaultConfigurationName = Release;
		};
		C05733CB08A9546B00998B17 /* Build configuration list for PBXProject "OpenEmulator" */ = {
			isa = XCConfigurationList;
			buildConfigurations = (
				C05733CC08A9546B00998B17 /* Debug */,
				C05733CD08A9546B00998B17 /* Release */,
			);
			defaultConfigurationIsVisible = 0;
			defaultConfigurationName = Release;
		};
/* End XCConfigurationList section */
	};
	rootObject = 2A37F4A9FDCFA73011CA2CEA /* Project object */;
}
